
Microsoft Visual Studio Solution File, Format Version 12.00
# Visual Studio 15
VisualStudioVersion = 15.0.28307.1169
MinimumVisualStudioVersion = 10.0.40219.1
Project("{FAE04EC0-301F-11D3-BF4B-00C04F79EFBC}") = "FootBalls", "FootBalls\FootBalls.csproj", "{4555B52C-1A4A-40F5-BE6F-01773A7317DF}"
EndProject
Global
	GlobalSection(SolutionConfigurationPlatforms) = preSolution
		Debug|Any CPU = Debug|Any CPU
		Release|Any CPU = Release|Any CPU
	EndGlobalSection
	GlobalSection(ProjectConfigurationPlatforms) = postSolution
		{4555B52C-1A4A-40F5-BE6F-01773A7317DF}.Debug|Any CPU.ActiveCfg = Debug|Any CPU
		{4555B52C-1A4A-40F5-BE6F-01773A7317DF}.Debug|Any CPU.Build.0 = Debug|Any CPU
		{4555B52C-1A4A-40F5-BE6F-01773A7317DF}.Release|Any CPU.ActiveCfg = Release|Any CPU
		{4555B52C-1A4A-40F5-BE6F-01773A7317DF}.Release|Any CPU.Build.0 = Release|Any CPU
	EndGlobalSection
	GlobalSection(SolutionProperties) = preSolution
		HideSolutionNode = FALSE
	EndGlobalSection
	GlobalSection(ExtensibilityGlobals) = postSolution
		SolutionGuid = {577E0BB1-F3D5-41FD-AE0F-EE7F142B5D2A}
	EndGlobalSection
EndGlobal
